
Microsoft Visual Studio Solution File, Format Version 12.00
# Visual Studio Version 16
VisualStudioVersion = 16.0.30011.22
MinimumVisualStudioVersion = 10.0.40219.1
Project("{9A19103F-16F7-4668-BE54-9A1E7A4F7556}") = "PullDetachedRemote", "PullDetachedRemote\PullDetachedRemote.csproj", "{E183A81E-5BD4-4969-B41A-671886943BA5}"
EndProject
Project("{2150E333-8FDC-42A3-9474-1A3956D46DE8}") = "Solution Items", "Solution Items", "{D23ECD6B-A3A3-42F9-AE3E-8A604CBAE2F3}"
	ProjectSection(SolutionItems) = preProject
		.editorconfig = .editorconfig
	EndProjectSection
EndProject
Global
	GlobalSection(SolutionConfigurationPlatforms) = preSolution
		Debug|Any CPU = Debug|Any CPU
		Release|Any CPU = Release|Any CPU
	EndGlobalSection
	GlobalSection(ProjectConfigurationPlatforms) = postSolution
		{E183A81E-5BD4-4969-B41A-671886943BA5}.Debug|Any CPU.ActiveCfg = Debug|Any CPU
		{E183A81E-5BD4-4969-B41A-671886943BA5}.Debug|Any CPU.Build.0 = Debug|Any CPU
		{E183A81E-5BD4-4969-B41A-671886943BA5}.Release|Any CPU.ActiveCfg = Release|Any CPU
		{E183A81E-5BD4-4969-B41A-671886943BA5}.Release|Any CPU.Build.0 = Release|Any CPU
	EndGlobalSection
	GlobalSection(SolutionProperties) = preSolution
		HideSolutionNode = FALSE
	EndGlobalSection
	GlobalSection(ExtensibilityGlobals) = postSolution
		SolutionGuid = {134E5C1B-92AD-4E1A-A3AA-D2E90A6EF8A1}
	EndGlobalSection
EndGlobal
